
Microsoft Visual Studio Solution File, Format Version 12.00
# Visual Studio Version 17
VisualStudioVersion = 17.10.34916.146
MinimumVisualStudioVersion = 10.0.40219.1
Project("{FAE04EC0-301F-11D3-BF4B-00C04F79EFBC}") = "SIDCColaSyncer", "SIDCColaSyncer.csproj", "{EAF13E57-99E8-46ED-8E94-15184F36CAC3}"
EndProject
Global
	GlobalSection(SolutionConfigurationPlatforms) = preSolution
		Debug|Any CPU = Debug|Any CPU
		Release|Any CPU = Release|Any CPU
	EndGlobalSection
	GlobalSection(ProjectConfigurationPlatforms) = postSolution
		{EAF13E57-99E8-46ED-8E94-15184F36CAC3}.Debug|Any CPU.ActiveCfg = Debug|Any CPU
		{EAF13E57-99E8-46ED-8E94-15184F36CAC3}.Debug|Any CPU.Build.0 = Debug|Any CPU
		{EAF13E57-99E8-46ED-8E94-15184F36CAC3}.Release|Any CPU.ActiveCfg = Release|Any CPU
		{EAF13E57-99E8-46ED-8E94-15184F36CAC3}.Release|Any CPU.Build.0 = Release|Any CPU
	EndGlobalSection
	GlobalSection(SolutionProperties) = preSolution
		HideSolutionNode = FALSE
	EndGlobalSection
	GlobalSection(ExtensibilityGlobals) = postSolution
		SolutionGuid = {712F0893-7A50-4CEB-95DF-52333B526D11}
	EndGlobalSection
EndGlobal
